
Microsoft Visual Studio Solution File, Format Version 12.00
# Visual Studio Version 17
VisualStudioVersion = 17.13.35806.99 d17.13
MinimumVisualStudioVersion = 10.0.40219.1
Project("{FAE04EC0-301F-11D3-BF4B-00C04F79EFBC}") = "WebApplication1", "WebApplication1.csproj", "{0F4DD2C2-96F6-4E19-87B3-BE4A80502CEE}"
EndProject
Global
	GlobalSection(SolutionConfigurationPlatforms) = preSolution
		Debug|Any CPU = Debug|Any CPU
		Release|Any CPU = Release|Any CPU
	EndGlobalSection
	GlobalSection(ProjectConfigurationPlatforms) = postSolution
		{0F4DD2C2-96F6-4E19-87B3-BE4A80502CEE}.Debug|Any CPU.ActiveCfg = Debug|Any CPU
		{0F4DD2C2-96F6-4E19-87B3-BE4A80502CEE}.Debug|Any CPU.Build.0 = Debug|Any CPU
		{0F4DD2C2-96F6-4E19-87B3-BE4A80502CEE}.Release|Any CPU.ActiveCfg = Release|Any CPU
		{0F4DD2C2-96F6-4E19-87B3-BE4A80502CEE}.Release|Any CPU.Build.0 = Release|Any CPU
	EndGlobalSection
	GlobalSection(SolutionProperties) = preSolution
		HideSolutionNode = FALSE
	EndGlobalSection
	GlobalSection(ExtensibilityGlobals) = postSolution
		SolutionGuid = {31EE4E1A-14C6-4B66-97A8-9F70863AC576}
	EndGlobalSection
EndGlobal
